
Microsoft Visual Studio Solution File, Format Version 12.00
# Visual Studio Version 17
VisualStudioVersion = 17.5.33627.172
MinimumVisualStudioVersion = 10.0.40219.1
Project("{FAE04EC0-301F-11D3-BF4B-00C04F79EFBC}") = "KOSMETIK", "KOSMETIK\KOSMETIK.csproj", "{3C9BBC19-B8DB-4937-B39B-81348BD1CEAD}"
EndProject
Global
	GlobalSection(SolutionConfigurationPlatforms) = preSolution
		Debug|Any CPU = Debug|Any CPU
		Release|Any CPU = Release|Any CPU
	EndGlobalSection
	GlobalSection(ProjectConfigurationPlatforms) = postSolution
		{3C9BBC19-B8DB-4937-B39B-81348BD1CEAD}.Debug|Any CPU.ActiveCfg = Debug|Any CPU
		{3C9BBC19-B8DB-4937-B39B-81348BD1CEAD}.Debug|Any CPU.Build.0 = Debug|Any CPU
		{3C9BBC19-B8DB-4937-B39B-81348BD1CEAD}.Release|Any CPU.ActiveCfg = Release|Any CPU
		{3C9BBC19-B8DB-4937-B39B-81348BD1CEAD}.Release|Any CPU.Build.0 = Release|Any CPU
	EndGlobalSection
	GlobalSection(SolutionProperties) = preSolution
		HideSolutionNode = FALSE
	EndGlobalSection
	GlobalSection(ExtensibilityGlobals) = postSolution
		SolutionGuid = {EF2496FE-50AA-41E0-A7E0-371756E63E4E}
	EndGlobalSection
EndGlobal
